{
  "name": "threejs",
  "version": "0.0.0",
  "lockfileVersion": 1,
  "requires": true,
  "dependencies": {
    "curve": {
      "version": "0.1.1",
      "resolved": "https://registry.npmjs.org/curve/-/curve-0.1.1.tgz",
      "integrity": "sha1-fDN37+N9l4qNDcqYOQZGZMrH9Ss=",
      "requires": {
        "delegato": "^1.0.0",
        "event-kit": "^1.2.0",
        "mixto": "^1.0.0",
        "object-assign": "^3.0.0"
      }
    },
    "d": {
      "version": "0.1.1",
      "resolved": "https://registry.npmjs.org/d/-/d-0.1.1.tgz",
      "integrity": "sha1-2hhMU10Y2O57oqoim5FACfrhEwk=",
      "requires": {
        "es5-ext": "~0.10.2"
      }
    },
    "dat.gui": {
      "version": "0.7.9",
      "resolved": "https://registry.npmjs.org/dat.gui/-/dat.gui-0.7.9.tgz",
      "integrity": "sha512-sCNc1OHobc+Erc1HqiswYgHdVNpSJUlk/Hz8vzOCsER7rl+oF/4+v8GXFUyCgtXpoCX6+bnmg07DedLvBLwYKQ=="
    },
    "delegato": {
      "version": "1.0.0",
      "resolved": "https://registry.npmjs.org/delegato/-/delegato-1.0.0.tgz",
      "integrity": "sha1-xzJK2/Mfo9ltH9YL82jF/MomlRA=",
      "requires": {
        "mixto": "1.x"
      }
    },
    "emissary": {
      "version": "1.3.3",
      "resolved": "https://registry.npmjs.org/emissary/-/emissary-1.3.3.tgz",
      "integrity": "sha1-phjZLWgrIy0xER3DYlpd9mF5lgY=",
      "requires": {
        "es6-weak-map": "^0.1.2",
        "mixto": "1.x",
        "property-accessors": "^1.1",
        "underscore-plus": "1.x"
      }
    },
    "es5-ext": {
      "version": "0.10.61",
      "resolved": "https://registry.npmjs.org/es5-ext/-/es5-ext-0.10.61.tgz",
      "integrity": "sha512-yFhIqQAzu2Ca2I4SE2Au3rxVfmohU9Y7wqGR+s7+H7krk26NXhIRAZDgqd6xqjCEFUomDEA3/Bo/7fKmIkW1kA==",
      "requires": {
        "es6-iterator": "^2.0.3",
        "es6-symbol": "^3.1.3",
        "next-tick": "^1.1.0"
      },
      "dependencies": {
        "d": {
          "version": "1.0.1",
          "resolved": "https://registry.npmjs.org/d/-/d-1.0.1.tgz",
          "integrity": "sha512-m62ShEObQ39CfralilEQRjH6oAMtNCV1xJyEx5LpRYUVN+EviphDgUc/F3hnYbADmkiNs67Y+3ylmlG7Lnu+FA==",
          "requires": {
            "es5-ext": "^0.10.50",
            "type": "^1.0.1"
          }
        },
        "es6-iterator": {
          "version": "2.0.3",
          "resolved": "https://registry.npmjs.org/es6-iterator/-/es6-iterator-2.0.3.tgz",
          "integrity": "sha1-p96IkUGgWpSwhUQDstCg+/qY87c=",
          "requires": {
            "d": "1",
            "es5-ext": "^0.10.35",
            "es6-symbol": "^3.1.1"
          }
        },
        "es6-symbol": {
          "version": "3.1.3",
          "resolved": "https://registry.npmjs.org/es6-symbol/-/es6-symbol-3.1.3.tgz",
          "integrity": "sha512-NJ6Yn3FuDinBaBRWl/q5X/s4koRHBrgKAu+yGI6JCBeiu3qrcbJhwT2GeR/EXVfylRk8dpQVJoLEFhK+Mu31NA==",
          "requires": {
            "d": "^1.0.1",
            "ext": "^1.1.2"
          }
        }
      }
    },
    "es6-iterator": {
      "version": "0.1.3",
      "resolved": "https://registry.npmjs.org/es6-iterator/-/es6-iterator-0.1.3.tgz",
      "integrity": "sha1-1vWLjE/EE8JJtLqhl2j45NfIlE4=",
      "requires": {
        "d": "~0.1.1",
        "es5-ext": "~0.10.5",
        "es6-symbol": "~2.0.1"
      }
    },
    "es6-symbol": {
      "version": "2.0.1",
      "resolved": "https://registry.npmjs.org/es6-symbol/-/es6-symbol-2.0.1.tgz",
      "integrity": "sha1-dhtcZ8/U8dGK+yNPaR1nhoLLO/M=",
      "requires": {
        "d": "~0.1.1",
        "es5-ext": "~0.10.5"
      }
    },
    "es6-weak-map": {
      "version": "0.1.4",
      "resolved": "https://registry.npmjs.org/es6-weak-map/-/es6-weak-map-0.1.4.tgz",
      "integrity": "sha1-cGzvnpmqI2undmwjnIueKG6n0ig=",
      "requires": {
        "d": "~0.1.1",
        "es5-ext": "~0.10.6",
        "es6-iterator": "~0.1.3",
        "es6-symbol": "~2.0.1"
      }
    },
    "esbuild": {
      "version": "0.14.39",
      "resolved": "https://registry.npmjs.org/esbuild/-/esbuild-0.14.39.tgz",
      "integrity": "sha512-2kKujuzvRWYtwvNjYDY444LQIA3TyJhJIX3Yo4+qkFlDDtGlSicWgeHVJqMUP/2sSfH10PGwfsj+O2ro1m10xQ==",
      "dev": true,
      "requires": {
        "esbuild-android-64": "0.14.39",
        "esbuild-android-arm64": "0.14.39",
        "esbuild-darwin-64": "0.14.39",
        "esbuild-darwin-arm64": "0.14.39",
        "esbuild-freebsd-64": "0.14.39",
        "esbuild-freebsd-arm64": "0.14.39",
        "esbuild-linux-32": "0.14.39",
        "esbuild-linux-64": "0.14.39",
        "esbuild-linux-arm": "0.14.39",
        "esbuild-linux-arm64": "0.14.39",
        "esbuild-linux-mips64le": "0.14.39",
        "esbuild-linux-ppc64le": "0.14.39",
        "esbuild-linux-riscv64": "0.14.39",
        "esbuild-linux-s390x": "0.14.39",
        "esbuild-netbsd-64": "0.14.39",
        "esbuild-openbsd-64": "0.14.39",
        "esbuild-sunos-64": "0.14.39",
        "esbuild-windows-32": "0.14.39",
        "esbuild-windows-64": "0.14.39",
        "esbuild-windows-arm64": "0.14.39"
      }
    },
    "esbuild-android-64": {
      "version": "0.14.39",
      "resolved": "https://registry.npmjs.org/esbuild-android-64/-/esbuild-android-64-0.14.39.tgz",
      "integrity": "sha512-EJOu04p9WgZk0UoKTqLId9VnIsotmI/Z98EXrKURGb3LPNunkeffqQIkjS2cAvidh+OK5uVrXaIP229zK6GvhQ==",
      "dev": true,
      "optional": true
    },
    "esbuild-android-arm64": {
      "version": "0.14.39",
      "resolved": "https://registry.npmjs.org/esbuild-android-arm64/-/esbuild-android-arm64-0.14.39.tgz",
      "integrity": "sha512-+twajJqO7n3MrCz9e+2lVOnFplRsaGRwsq1KL/uOy7xK7QdRSprRQcObGDeDZUZsacD5gUkk6OiHiYp6RzU3CA==",
      "dev": true,
      "optional": true
    },
    "esbuild-darwin-64": {
      "version": "0.14.39",
      "resolved": "https://registry.npmjs.org/esbuild-darwin-64/-/esbuild-darwin-64-0.14.39.tgz",
      "integrity": "sha512-ImT6eUw3kcGcHoUxEcdBpi6LfTRWaV6+qf32iYYAfwOeV+XaQ/Xp5XQIBiijLeo+LpGci9M0FVec09nUw41a5g==",
      "dev": true,
      "optional": true
    },
    "esbuild-darwin-arm64": {
      "version": "0.14.39",
      "resolved": "https://registry.npmjs.org/esbuild-darwin-arm64/-/esbuild-darwin-arm64-0.14.39.tgz",
      "integrity": "sha512-/fcQ5UhE05OiT+bW5v7/up1bDsnvaRZPJxXwzXsMRrr7rZqPa85vayrD723oWMT64dhrgWeA3FIneF8yER0XTw==",
      "dev": true,
      "optional": true
    },
    "esbuild-freebsd-64": {
      "version": "0.14.39",
      "resolved": "https://registry.npmjs.org/esbuild-freebsd-64/-/esbuild-freebsd-64-0.14.39.tgz",
      "integrity": "sha512-oMNH8lJI4wtgN5oxuFP7BQ22vgB/e3Tl5Woehcd6i2r6F3TszpCnNl8wo2d/KvyQ4zvLvCWAlRciumhQg88+kQ==",
      "dev": true,
      "optional": true
    },
    "esbuild-freebsd-arm64": {
      "version": "0.14.39",
      "resolved": "https://registry.npmjs.org/esbuild-freebsd-arm64/-/esbuild-freebsd-arm64-0.14.39.tgz",
      "integrity": "sha512-1GHK7kwk57ukY2yI4ILWKJXaxfr+8HcM/r/JKCGCPziIVlL+Wi7RbJ2OzMcTKZ1HpvEqCTBT/J6cO4ZEwW4Ypg==",
      "dev": true,
      "optional": true
    },
    "esbuild-linux-32": {
      "version": "0.14.39",
      "resolved": "https://registry.npmjs.org/esbuild-linux-32/-/esbuild-linux-32-0.14.39.tgz",
      "integrity": "sha512-g97Sbb6g4zfRLIxHgW2pc393DjnkTRMeq3N1rmjDUABxpx8SjocK4jLen+/mq55G46eE2TA0MkJ4R3SpKMu7dg==",
      "dev": true,
      "optional": true
    },
    "esbuild-linux-64": {
      "version": "0.14.39",
      "resolved": "https://registry.npmjs.org/esbuild-linux-64/-/esbuild-linux-64-0.14.39.tgz",
      "integrity": "sha512-4tcgFDYWdI+UbNMGlua9u1Zhu0N5R6u9tl5WOM8aVnNX143JZoBZLpCuUr5lCKhnD0SCO+5gUyMfupGrHtfggQ==",
      "dev": true,
      "optional": true
    },
    "esbuild-linux-arm": {
      "version": "0.14.39",
      "resolved": "https://registry.npmjs.org/esbuild-linux-arm/-/esbuild-linux-arm-0.14.39.tgz",
      "integrity": "sha512-t0Hn1kWVx5UpCzAJkKRfHeYOLyFnXwYynIkK54/h3tbMweGI7dj400D1k0Vvtj2u1P+JTRT9tx3AjtLEMmfVBQ==",
      "dev": true,
      "optional": true
    },
    "esbuild-linux-arm64": {
      "version": "0.14.39",
      "resolved": "https://registry.npmjs.org/esbuild-linux-arm64/-/esbuild-linux-arm64-0.14.39.tgz",
      "integrity": "sha512-23pc8MlD2D6Px1mV8GMglZlKgwgNKAO8gsgsLLcXWSs9lQsCYkIlMo/2Ycfo5JrDIbLdwgP8D2vpfH2KcBqrDQ==",
      "dev": true,
      "optional": true
    },
    "esbuild-linux-mips64le": {
      "version": "0.14.39",
      "resolved": "https://registry.npmjs.org/esbuild-linux-mips64le/-/esbuild-linux-mips64le-0.14.39.tgz",
      "integrity": "sha512-epwlYgVdbmkuRr5n4es3B+yDI0I2e/nxhKejT9H0OLxFAlMkeQZxSpxATpDc9m8NqRci6Kwyb/SfmD1koG2Zuw==",
      "dev": true,
      "optional": true
    },
    "esbuild-linux-ppc64le": {
      "version": "0.14.39",
      "resolved": "https://registry.npmjs.org/esbuild-linux-ppc64le/-/esbuild-linux-ppc64le-0.14.39.tgz",
      "integrity": "sha512-W/5ezaq+rQiQBThIjLMNjsuhPHg+ApVAdTz2LvcuesZFMsJoQAW2hutoyg47XxpWi7aEjJGrkS26qCJKhRn3QQ==",
      "dev": true,
      "optional": true
    },
    "esbuild-linux-riscv64": {
      "version": "0.14.39",
      "resolved": "https://registry.npmjs.org/esbuild-linux-riscv64/-/esbuild-linux-riscv64-0.14.39.tgz",
      "integrity": "sha512-IS48xeokcCTKeQIOke2O0t9t14HPvwnZcy+5baG13Z1wxs9ZrC5ig5ypEQQh4QMKxURD5TpCLHw2W42CLuVZaA==",
      "dev": true,
      "optional": true
    },
    "esbuild-linux-s390x": {
      "version": "0.14.39",
      "resolved": "https://registry.npmjs.org/esbuild-linux-s390x/-/esbuild-linux-s390x-0.14.39.tgz",
      "integrity": "sha512-zEfunpqR8sMomqXhNTFEKDs+ik7HC01m3M60MsEjZOqaywHu5e5682fMsqOlZbesEAAaO9aAtRBsU7CHnSZWyA==",
      "dev": true,
      "optional": true
    },
    "esbuild-netbsd-64": {
      "version": "0.14.39",
      "resolved": "https://registry.npmjs.org/esbuild-netbsd-64/-/esbuild-netbsd-64-0.14.39.tgz",
      "integrity": "sha512-Uo2suJBSIlrZCe4E0k75VDIFJWfZy+bOV6ih3T4MVMRJh1lHJ2UyGoaX4bOxomYN3t+IakHPyEoln1+qJ1qYaA==",
      "dev": true,
      "optional": true
    },
    "esbuild-openbsd-64": {
      "version": "0.14.39",
      "resolved": "https://registry.npmjs.org/esbuild-openbsd-64/-/esbuild-openbsd-64-0.14.39.tgz",
      "integrity": "sha512-secQU+EpgUPpYjJe3OecoeGKVvRMLeKUxSMGHnK+aK5uQM3n1FPXNJzyz1LHFOo0WOyw+uoCxBYdM4O10oaCAA==",
      "dev": true,
      "optional": true
    },
    "esbuild-sunos-64": {
      "version": "0.14.39",
      "resolved": "https://registry.npmjs.org/esbuild-sunos-64/-/esbuild-sunos-64-0.14.39.tgz",
      "integrity": "sha512-qHq0t5gePEDm2nqZLb+35p/qkaXVS7oIe32R0ECh2HOdiXXkj/1uQI9IRogGqKkK+QjDG+DhwiUw7QoHur/Rwg==",
      "dev": true,
      "optional": true
    },
    "esbuild-windows-32": {
      "version": "0.14.39",
      "resolved": "https://registry.npmjs.org/esbuild-windows-32/-/esbuild-windows-32-0.14.39.tgz",
      "integrity": "sha512-XPjwp2OgtEX0JnOlTgT6E5txbRp6Uw54Isorm3CwOtloJazeIWXuiwK0ONJBVb/CGbiCpS7iP2UahGgd2p1x+Q==",
      "dev": true,
      "optional": true
    },
    "esbuild-windows-64": {
      "version": "0.14.39",
      "resolved": "https://registry.npmjs.org/esbuild-windows-64/-/esbuild-windows-64-0.14.39.tgz",
      "integrity": "sha512-E2wm+5FwCcLpKsBHRw28bSYQw0Ikxb7zIMxw3OPAkiaQhLVr3dnVO8DofmbWhhf6b97bWzg37iSZ45ZDpLw7Ow==",
      "dev": true,
      "optional": true
    },
    "esbuild-windows-arm64": {
      "version": "0.14.39",
      "resolved": "https://registry.npmjs.org/esbuild-windows-arm64/-/esbuild-windows-arm64-0.14.39.tgz",
      "integrity": "sha512-sBZQz5D+Gd0EQ09tZRnz/PpVdLwvp/ufMtJ1iDFYddDaPpZXKqPyaxfYBLs3ueiaksQ26GGa7sci0OqFzNs7KA==",
      "dev": true,
      "optional": true
    },
    "event-kit": {
      "version": "1.5.0",
      "resolved": "https://registry.npmjs.org/event-kit/-/event-kit-1.5.0.tgz",
      "integrity": "sha1-Ek72qtgyjcsmtxxHWQtbjmPrxIc=",
      "requires": {
        "grim": "^1.2.1"
      }
    },
    "ext": {
      "version": "1.6.0",
      "resolved": "https://registry.npmjs.org/ext/-/ext-1.6.0.tgz",
      "integrity": "sha512-sdBImtzkq2HpkdRLtlLWDa6w4DX22ijZLKx8BMPUuKe1c5lbN6xwQDQCxSfxBQnHZ13ls/FH0MQZx/q/gr6FQg==",
      "requires": {
        "type": "^2.5.0"
      },
      "dependencies": {
        "type": {
          "version": "2.6.0",
          "resolved": "https://registry.npmjs.org/type/-/type-2.6.0.tgz",
          "integrity": "sha512-eiDBDOmkih5pMbo9OqsqPRGMljLodLcwd5XD5JbtNB0o89xZAwynY9EdCDsJU7LtcVCClu9DvM7/0Ep1hYX3EQ=="
        }
      }
    },
    "fsevents": {
      "version": "2.3.2",
      "resolved": "https://registry.npmjs.org/fsevents/-/fsevents-2.3.2.tgz",
      "integrity": "sha512-xiqMQR4xAeHTuB9uWm+fFRcIOgKBMiOBP+eXiyT7jsgVCq1bkVygt00oASowB7EdtpOHaaPgKt812P9ab+DDKA==",
      "dev": true,
      "optional": true
    },
    "function-bind": {
      "version": "1.1.1",
      "resolved": "https://registry.npmjs.org/function-bind/-/function-bind-1.1.1.tgz",
      "integrity": "sha512-yIovAzMX49sF8Yl58fSCWJ5svSLuaibPxXQJFLmBObTuCr0Mf1KiPopGM9NiFjiYBCbfaa2Fh6breQ6ANVTI0A==",
      "dev": true
    },
    "grim": {
      "version": "1.5.0",
      "resolved": "https://registry.npmjs.org/grim/-/grim-1.5.0.tgz",
      "integrity": "sha1-sysI71Z88YUvgXWe2caLDXE5ajI=",
      "requires": {
        "emissary": "^1.2.0"
      }
    },
    "has": {
      "version": "1.0.3",
      "resolved": "https://registry.npmjs.org/has/-/has-1.0.3.tgz",
      "integrity": "sha512-f2dvO0VU6Oej7RkWJGrehjbzMAjFp5/VKPp5tTpWIV4JHHZK1/BxbFRtf/siA2SWTe09caDmVtYYzWEIbBS4zw==",
      "dev": true,
      "requires": {
        "function-bind": "^1.1.1"
      }
    },
    "is-core-module": {
      "version": "2.9.0",
      "resolved": "https://registry.npmjs.org/is-core-module/-/is-core-module-2.9.0.tgz",
      "integrity": "sha512-+5FPy5PnwmO3lvfMb0AsoPaBG+5KHUI0wYFXOtYPnVVVspTFUuMZNfNaNVRt3FZadstu2c8x23vykRW/NBoU6A==",
      "dev": true,
      "requires": {
        "has": "^1.0.3"
      }
    },
    "mixto": {
      "version": "1.0.0",
      "resolved": "https://registry.npmjs.org/mixto/-/mixto-1.0.0.tgz",
      "integrity": "sha1-wyDvYbUvKJj1IuF9i7xtUG2EJbY="
    },
    "nanoid": {
      "version": "3.3.4",
      "resolved": "https://registry.npmjs.org/nanoid/-/nanoid-3.3.4.tgz",
      "integrity": "sha512-MqBkQh/OHTS2egovRtLk45wEyNXwF+cokD+1YPf9u5VfJiRdAiRwB2froX5Co9Rh20xs4siNPm8naNotSD6RBw==",
      "dev": true
    },
    "next-tick": {
      "version": "1.1.0",
      "resolved": "https://registry.npmjs.org/next-tick/-/next-tick-1.1.0.tgz",
      "integrity": "sha512-CXdUiJembsNjuToQvxayPZF9Vqht7hewsvy2sOWafLvi2awflj9mOC6bHIg50orX8IJvWKY9wYQ/zB2kogPslQ=="
    },
    "object-assign": {
      "version": "3.0.0",
      "resolved": "https://registry.npmjs.org/object-assign/-/object-assign-3.0.0.tgz",
      "integrity": "sha1-m+3VygiXlJvKR+f/QIBi1Un1h/I="
    },
    "path-parse": {
      "version": "1.0.7",
      "resolved": "https://registry.npmjs.org/path-parse/-/path-parse-1.0.7.tgz",
      "integrity": "sha512-LDJzPVEEEPR+y48z93A0Ed0yXb8pAByGWo/k5YYdYgpY2/2EsOsksJrq7lOHxryrVOn1ejG6oAp8ahvOIQD8sw==",
      "dev": true
    },
    "picocolors": {
      "version": "1.0.0",
      "resolved": "https://registry.npmjs.org/picocolors/-/picocolors-1.0.0.tgz",
      "integrity": "sha512-1fygroTLlHu66zi26VoTDv8yRgm0Fccecssto+MhsZ0D/DGW2sm8E8AjW7NU5VVTRt5GxbeZ5qBuJr+HyLYkjQ==",
      "dev": true
    },
    "postcss": {
      "version": "8.4.14",
      "resolved": "https://registry.npmjs.org/postcss/-/postcss-8.4.14.tgz",
      "integrity": "sha512-E398TUmfAYFPBSdzgeieK2Y1+1cpdxJx8yXbK/m57nRhKSmk1GB2tO4lbLBtlkfPQTDKfe4Xqv1ASWPpayPEig==",
      "dev": true,
      "requires": {
        "nanoid": "^3.3.4",
        "picocolors": "^1.0.0",
        "source-map-js": "^1.0.2"
      }
    },
    "property-accessors": {
      "version": "1.1.3",
      "resolved": "https://registry.npmjs.org/property-accessors/-/property-accessors-1.1.3.tgz",
      "integrity": "sha1-Hd6EAkYxhlkJ7zBwM2VoDF+SixU=",
      "requires": {
        "es6-weak-map": "^0.1.2",
        "mixto": "1.x"
      }
    },
    "resolve": {
      "version": "1.22.0",
      "resolved": "https://registry.npmjs.org/resolve/-/resolve-1.22.0.tgz",
      "integrity": "sha512-Hhtrw0nLeSrFQ7phPp4OOcVjLPIeMnRlr5mcnVuMe7M/7eBn98A3hmFRLoFo3DLZkivSYwhRUJTyPyWAk56WLw==",
      "dev": true,
      "requires": {
        "is-core-module": "^2.8.1",
        "path-parse": "^1.0.7",
        "supports-preserve-symlinks-flag": "^1.0.0"
      }
    },
    "rollup": {
      "version": "2.74.0",
      "resolved": "https://registry.npmjs.org/rollup/-/rollup-2.74.0.tgz",
      "integrity": "sha512-RRwXTX5+ObPJhcMV6zP3RdHvy90/lBOUfbzL7IKkFjMJGAqeBGZiv9nZWm/DoTESaTE3GBkkzbU9QVN2AuCkjw==",
      "dev": true,
      "requires": {
        "fsevents": "~2.3.2"
      }
    },
    "source-map-js": {
      "version": "1.0.2",
      "resolved": "https://registry.npmjs.org/source-map-js/-/source-map-js-1.0.2.tgz",
      "integrity": "sha512-R0XvVJ9WusLiqTCEiGCmICCMplcCkIwwR11mOSD9CR5u+IXYdiseeEuXCVAjS54zqwkLcPNnmU4OeJ6tUrWhDw==",
      "dev": true
    },
    "supports-preserve-symlinks-flag": {
      "version": "1.0.0",
      "resolved": "https://registry.npmjs.org/supports-preserve-symlinks-flag/-/supports-preserve-symlinks-flag-1.0.0.tgz",
      "integrity": "sha512-ot0WnXS9fgdkgIcePe6RHNk1WA8+muPa6cSjeR3V8K27q9BB1rTE3R1p7Hv0z1ZyAc8s6Vvv8DIyWf681MAt0w==",
      "dev": true
    },
    "three": {
      "version": "0.140.2",
      "resolved": "https://registry.npmjs.org/three/-/three-0.140.2.tgz",
      "integrity": "sha512-DdT/AHm/TbZXEhQKQpGt5/iSgBrmXpjU26FNtj1KhllVPTKj1eG4X/ShyD5W2fngE+I1s1wa4ttC4C3oCJt7Ag=="
    },
    "type": {
      "version": "1.2.0",
      "resolved": "https://registry.npmjs.org/type/-/type-1.2.0.tgz",
      "integrity": "sha512-+5nt5AAniqsCnu2cEQQdpzCAh33kVx8n0VoFidKpB1dVVLAN/F+bgVOqOJqOnEnrhp222clB5p3vUlD+1QAnfg=="
    },
    "underscore": {
      "version": "1.13.3",
      "resolved": "https://registry.npmjs.org/underscore/-/underscore-1.13.3.tgz",
      "integrity": "sha512-QvjkYpiD+dJJraRA8+dGAU4i7aBbb2s0S3jA45TFOvg2VgqvdCDd/3N6CqA8gluk1W91GLoXg5enMUx560QzuA=="
    },
    "underscore-plus": {
      "version": "1.7.0",
      "resolved": "https://registry.npmjs.org/underscore-plus/-/underscore-plus-1.7.0.tgz",
      "integrity": "sha512-A3BEzkeicFLnr+U/Q3EyWwJAQPbA19mtZZ4h+lLq3ttm9kn8WC4R3YpuJZEXmWdLjYP47Zc8aLZm9kwdv+zzvA==",
      "requires": {
        "underscore": "^1.9.1"
      }
    },
    "vite": {
      "version": "2.9.9",
      "resolved": "https://registry.npmjs.org/vite/-/vite-2.9.9.tgz",
      "integrity": "sha512-ffaam+NgHfbEmfw/Vuh6BHKKlI/XIAhxE5QSS7gFLIngxg171mg1P3a4LSRME0z2ZU1ScxoKzphkipcYwSD5Ew==",
      "dev": true,
      "requires": {
        "esbuild": "^0.14.27",
        "fsevents": "~2.3.2",
        "postcss": "^8.4.13",
        "resolve": "^1.22.0",
        "rollup": "^2.59.0"
      }
    }
  }
}
